
Microsoft Visual Studio Solution File, Format Version 12.00
# Visual Studio Version 16
VisualStudioVersion = 16.0.30413.136
MinimumVisualStudioVersion = 10.0.40219.1
Project("{FAE04EC0-301F-11D3-BF4B-00C04F79EFBC}") = "CardGames", "GameBundle\CardGames.csproj", "{422F502D-6AFE-4670-B84E-1E2FD6F2304C}"
EndProject
Global
	GlobalSection(SolutionConfigurationPlatforms) = preSolution
		Debug|Any CPU = Debug|Any CPU
		Release|Any CPU = Release|Any CPU
	EndGlobalSection
	GlobalSection(ProjectConfigurationPlatforms) = postSolution
		{422F502D-6AFE-4670-B84E-1E2FD6F2304C}.Debug|Any CPU.ActiveCfg = Debug|Any CPU
		{422F502D-6AFE-4670-B84E-1E2FD6F2304C}.Debug|Any CPU.Build.0 = Debug|Any CPU
		{422F502D-6AFE-4670-B84E-1E2FD6F2304C}.Release|Any CPU.ActiveCfg = Release|Any CPU
		{422F502D-6AFE-4670-B84E-1E2FD6F2304C}.Release|Any CPU.Build.0 = Release|Any CPU
	EndGlobalSection
	GlobalSection(SolutionProperties) = preSolution
		HideSolutionNode = FALSE
	EndGlobalSection
	GlobalSection(ExtensibilityGlobals) = postSolution
		SolutionGuid = {1FBC0F16-9A7C-487B-ABEC-CAC5B7B67125}
	EndGlobalSection
EndGlobal
